
Microsoft Visual Studio Solution File, Format Version 12.00
# Visual Studio Version 17
VisualStudioVersion = 17.11.35312.102
MinimumVisualStudioVersion = 10.0.40219.1
Project("{FAE04EC0-301F-11D3-BF4B-00C04F79EFBC}") = "WarehouseManagement", "WarehouseManagement\WarehouseManagement.csproj", "{89E958F5-9BBE-49F2-A846-D55E865EBEEE}"
EndProject
Global
	GlobalSection(SolutionConfigurationPlatforms) = preSolution
		Debug|Any CPU = Debug|Any CPU
		Release|Any CPU = Release|Any CPU
	EndGlobalSection
	GlobalSection(ProjectConfigurationPlatforms) = postSolution
		{89E958F5-9BBE-49F2-A846-D55E865EBEEE}.Debug|Any CPU.ActiveCfg = Debug|Any CPU
		{89E958F5-9BBE-49F2-A846-D55E865EBEEE}.Debug|Any CPU.Build.0 = Debug|Any CPU
		{89E958F5-9BBE-49F2-A846-D55E865EBEEE}.Release|Any CPU.ActiveCfg = Release|Any CPU
		{89E958F5-9BBE-49F2-A846-D55E865EBEEE}.Release|Any CPU.Build.0 = Release|Any CPU
	EndGlobalSection
	GlobalSection(SolutionProperties) = preSolution
		HideSolutionNode = FALSE
	EndGlobalSection
	GlobalSection(ExtensibilityGlobals) = postSolution
		SolutionGuid = {0EF18F91-B203-47EF-ADFD-71C538B8365B}
	EndGlobalSection
EndGlobal
